// !$*UTF8*$!
{
	archiveVersion = 1;
	classes = {
	};
	objectVersion = 46;
	objects = {

/* Begin PBXBuildFile section */
		1D6E515E1A16915400E104AC /* AppDelegate.swift in Sources */ = {isa = PBXBuildFile; fileRef = 1D6E515D1A16915400E104AC /* AppDelegate.swift */; };
		1D6E51601A16915400E104AC /* ViewController.swift in Sources */ = {isa = PBXBuildFile; fileRef = 1D6E515F1A16915400E104AC /* ViewController.swift */; };
		1D6E51631A16915400E104AC /* Main.storyboard in Resources */ = {isa = PBXBuildFile; fileRef = 1D6E51611A16915400E104AC /* Main.storyboard */; };
		1D6E51651A16915400E104AC /* Images.xcassets in Resources */ = {isa = PBXBuildFile; fileRef = 1D6E51641A16915400E104AC /* Images.xcassets */; };
		1D6E51681A16915400E104AC /* LaunchScreen.xib in Resources */ = {isa = PBXBuildFile; fileRef = 1D6E51661A16915400E104AC /* LaunchScreen.xib */; };
		1D6E51741A16915400E104AC /* DrawsCameraAsBackgoundWithSceneKitTests.swift in Sources */ = {isa = PBXBuildFile; fileRef = 1D6E51731A16915400E104AC /* DrawsCameraAsBackgoundWithSceneKitTests.swift */; };
/* End PBXBuildFile section */

/* Begin PBXContainerItemProxy section */
		1D6E516E1A16915400E104AC /* PBXContainerItemProxy */ = {
			isa = PBXContainerItemProxy;
			containerPortal = 1D6E51501A16915300E104AC /* Project object */;
			proxyType = 1;
			remoteGlobalIDString = 1D6E51571A16915300E104AC;
			remoteInfo = DrawsCameraAsBackgoundWithSceneKit;
		};
/* End PBXContainerItemProxy section */

/* Begin PBXFileReference section */
		1D6E51581A16915300E104AC /* DrawsCameraAsBackgoundWithSceneKit.app */ = {isa = PBXFileReference; explicitFileType = wrapper.application; includeInIndex = 0; path = DrawsCameraAsBackgoundWithSceneKit.app; sourceTree = BUILT_PRODUCTS_DIR; };
		1D6E515C1A16915400E104AC /* Info.plist */ = {isa = PBXFileReference; lastKnownFileType = text.plist.xml; path = Info.plist; sourceTree = "<group>"; };
		1D6E515D1A16915400E104AC /* AppDelegate.swift */ = {isa = PBXFileReference; lastKnownFileType = sourcecode.swift; path = AppDelegate.swift; sourceTree = "<group>"; };
		1D6E515F1A16915400E104AC /* ViewController.swift */ = {isa = PBXFileReference; lastKnownFileType = sourcecode.swift; path = ViewController.swift; sourceTree = "<group>"; };
		1D6E51621A16915400E104AC /* Base */ = {isa = PBXFileReference; lastKnownFileType = file.storyboard; name = Base; path = Base.lproj/Main.storyboard; sourceTree = "<group>"; };
		1D6E51641A16915400E104AC /* Images.xcassets */ = {isa = PBXFileReference; lastKnownFileType = folder.assetcatalog; path = Images.xcassets; sourceTree = "<group>"; };
		1D6E51671A16915400E104AC /* Base */ = {isa = PBXFileReference; lastKnownFileType = file.xib; name = Base; path = Base.lproj/LaunchScreen.xib; sourceTree = "<group>"; };
		1D6E516D1A16915400E104AC /* DrawsCameraAsBackgoundWithSceneKitTests.xctest */ = {isa = PBXFileReference; explicitFileType = wrapper.cfbundle; includeInIndex = 0; path = DrawsCameraAsBackgoundWithSceneKitTests.xctest; sourceTree = BUILT_PRODUCTS_DIR; };
		1D6E51721A16915400E104AC /* Info.plist */ = {isa = PBXFileReference; lastKnownFileType = text.plist.xml; path = Info.plist; sourceTree = "<group>"; };
		1D6E51731A16915400E104AC /* DrawsCameraAsBackgoundWithSceneKitTests.swift */ = {isa = PBXFileReference; lastKnownFileType = sourcecode.swift; path = DrawsCameraAsBackgoundWithSceneKitTests.swift; sourceTree = "<group>"; };
/* End PBXFileReference section */

/* Begin PBXFrameworksBuildPhase section */
		1D6E51551A16915300E104AC /* Frameworks */ = {
			isa = PBXFrameworksBuildPhase;
			buildActionMask = 2147483647;
			files = (
			);
			runOnlyForDeploymentPostprocessing = 0;
		};
		1D6E516A1A16915400E104AC /* Frameworks */ = {
			isa = PBXFrameworksBuildPhase;
			buildActionMask = 2147483647;
			files = (
			);
			runOnlyForDeploymentPostprocessing = 0;
		};
/* End PBXFrameworksBuildPhase section */

/* Begin PBXGroup section */
		1D6E514F1A16915300E104AC = {
			isa = PBXGroup;
			children = (
				1D6E515A1A16915300E104AC /* DrawsCameraAsBackgoundWithSceneKit */,
				1D6E51701A16915400E104AC /* DrawsCameraAsBackgoundWithSceneKitTests */,
				1D6E51591A16915300E104AC /* Products */,
			);
			sourceTree = "<group>";
		};
		1D6E51591A16915300E104AC /* Products */ = {
			isa = PBXGroup;
			children = (
				1D6E51581A16915300E104AC /* DrawsCameraAsBackgoundWithSceneKit.app */,
				1D6E516D1A16915400E104AC /* DrawsCameraAsBackgoundWithSceneKitTests.xctest */,
			);
			name = Products;
			sourceTree = "<group>";
		};
		1D6E515A1A16915300E104AC /* DrawsCameraAsBackgoundWithSceneKit */ = {
			isa = PBXGroup;
			children = (
				1D6E515D1A16915400E104AC /* AppDelegate.swift */,
				1D6E515F1A16915400E104AC /* ViewController.swift */,
				1D6E51611A16915400E104AC /* Main.storyboard */,
				1D6E51641A16915400E104AC /* Images.xcassets */,
				1D6E51661A16915400E104AC /* LaunchScreen.xib */,
				1D6E515B1A16915400E104AC /* Supporting Files */,
			);
			path = DrawsCameraAsBackgoundWithSceneKit;
			sourceTree = "<group>";
		};
		1D6E515B1A16915400E104AC /* Supporting Files */ = {
			isa = PBXGroup;
			children = (
				1D6E515C1A16915400E104AC /* Info.plist */,
			);
			name = "Supporting Files";
			sourceTree = "<group>";
		};
		1D6E51701A16915400E104AC /* DrawsCameraAsBackgoundWithSceneKitTests */ = {
			isa = PBXGroup;
			children = (
				1D6E51731A16915400E104AC /* DrawsCameraAsBackgoundWithSceneKitTests.swift */,
				1D6E51711A16915400E104AC /* Supporting Files */,
			);
			path = DrawsCameraAsBackgoundWithSceneKitTests;
			sourceTree = "<group>";
		};
		1D6E51711A16915400E104AC /* Supporting Files */ = {
			isa = PBXGroup;
			children = (
				1D6E51721A16915400E104AC /* Info.plist */,
			);
			name = "Supporting Files";
			sourceTree = "<group>";
		};
/* End PBXGroup section */

/* Begin PBXNativeTarget section */
		1D6E51571A16915300E104AC /* DrawsCameraAsBackgoundWithSceneKit */ = {
			isa = PBXNativeTarget;
			buildConfigurationList = 1D6E51771A16915400E104AC /* Build configuration list for PBXNativeTarget "DrawsCameraAsBackgoundWithSceneKit" */;
			buildPhases = (
				1D6E51541A16915300E104AC /* Sources */,
				1D6E51551A16915300E104AC /* Frameworks */,
				1D6E51561A16915300E104AC /* Resources */,
			);
			buildRules = (
			);
			dependencies = (
			);
			name = DrawsCameraAsBackgoundWithSceneKit;
			productName = DrawsCameraAsBackgoundWithSceneKit;
			productReference = 1D6E51581A16915300E104AC /* DrawsCameraAsBackgoundWithSceneKit.app */;
			productType = "com.apple.product-type.application";
		};
		1D6E516C1A16915400E104AC /* DrawsCameraAsBackgoundWithSceneKitTests */ = {
			isa = PBXNativeTarget;
			buildConfigurationList = 1D6E517A1A16915400E104AC /* Build configuration list for PBXNativeTarget "DrawsCameraAsBackgoundWithSceneKitTests" */;
			buildPhases = (
				1D6E51691A16915400E104AC /* Sources */,
				1D6E516A1A16915400E104AC /* Frameworks */,
				1D6E516B1A16915400E104AC /* Resources */,
			);
			buildRules = (
			);
			dependencies = (
				1D6E516F1A16915400E104AC /* PBXTargetDependency */,
			);
			name = DrawsCameraAsBackgoundWithSceneKitTests;
			productName = DrawsCameraAsBackgoundWithSceneKitTests;
			productReference = 1D6E516D1A16915400E104AC /* DrawsCameraAsBackgoundWithSceneKitTests.xctest */;
			productType = "com.apple.product-type.bundle.unit-test";
		};
/* End PBXNativeTarget section */

/* Begin PBXProject section */
		1D6E51501A16915300E104AC /* Project object */ = {
			isa = PBXProject;
			attributes = {
				LastUpgradeCheck = 0610;
				ORGANIZATIONNAME = "Judson Douglas";
				TargetAttributes = {
					1D6E51571A16915300E104AC = {
						CreatedOnToolsVersion = 6.1;
					};
					1D6E516C1A16915400E104AC = {
						CreatedOnToolsVersion = 6.1;
						TestTargetID = 1D6E51571A16915300E104AC;
					};
				};
			};
			buildConfigurationList = 1D6E51531A16915300E104AC /* Build configuration list for PBXProject "DrawsCameraAsBackgoundWithSceneKit" */;
			compatibilityVersion = "Xcode 3.2";
			developmentRegion = English;
			hasScannedForEncodings = 0;
			knownRegions = (
				en,
				Base,
			);
			mainGroup = 1D6E514F1A16915300E104AC;
			productRefGroup = 1D6E51591A16915300E104AC /* Products */;
			projectDirPath = "";
			projectRoot = "";
			targets = (
				1D6E51571A16915300E104AC /* DrawsCameraAsBackgoundWithSceneKit */,
				1D6E516C1A16915400E104AC /* DrawsCameraAsBackgoundWithSceneKitTests */,
			);
		};
/* End PBXProject section */

/* Begin PBXResourcesBuildPhase section */
		1D6E51561A16915300E104AC /* Resources */ = {
			isa = PBXResourcesBuildPhase;
			buildActionMask = 2147483647;
			files = (
				1D6E51631A16915400E104AC /* Main.storyboard in Resources */,
				1D6E51681A16915400E104AC /* LaunchScreen.xib in Resources */,
				1D6E51651A16915400E104AC /* Images.xcassets in Resources */,
			);
			runOnlyForDeploymentPostprocessing = 0;
		};
		1D6E516B1A16915400E104AC /* Resources */ = {
			isa = PBXResourcesBuildPhase;
			buildActionMask = 2147483647;
			files = (
			);
			runOnlyForDeploymentPostprocessing = 0;
		};
/* End PBXResourcesBuildPhase section */

/* Begin PBXSourcesBuildPhase section */
		1D6E51541A16915300E104AC /* Sources */ = {
			isa = PBXSourcesBuildPhase;
			buildActionMask = 2147483647;
			files = (
				1D6E51601A16915400E104AC /* ViewController.swift in Sources */,
				1D6E515E1A16915400E104AC /* AppDelegate.swift in Sources */,
			);
			runOnlyForDeploymentPostprocessing = 0;
		};
		1D6E51691A16915400E104AC /* Sources */ = {
			isa = PBXSourcesBuildPhase;
			buildActionMask = 2147483647;
			files = (
				1D6E51741A16915400E104AC /* DrawsCameraAsBackgoundWithSceneKitTests.swift in Sources */,
			);
			runOnlyForDeploymentPostprocessing = 0;
		};
/* End PBXSourcesBuildPhase section */

/* Begin PBXTargetDependency section */
		1D6E516F1A16915400E104AC /* PBXTargetDependency */ = {
			isa = PBXTargetDependency;
			target = 1D6E51571A16915300E104AC /* DrawsCameraAsBackgoundWithSceneKit */;
			targetProxy = 1D6E516E1A16915400E104AC /* PBXContainerItemProxy */;
		};
/* End PBXTargetDependency section */

/* Begin PBXVariantGroup section */
		1D6E51611A16915400E104AC /* Main.storyboard */ = {
			isa = PBXVariantGroup;
			children = (
				1D6E51621A16915400E104AC /* Base */,
			);
			name = Main.storyboard;
			sourceTree = "<group>";
		};
		1D6E51661A16915400E104AC /* LaunchScreen.xib */ = {
			isa = PBXVariantGroup;
			children = (
				1D6E51671A16915400E104AC /* Base */,
			);
			name = LaunchScreen.xib;
			sourceTree = "<group>";
		};
/* End PBXVariantGroup section */

/* Begin XCBuildConfiguration section */
		1D6E51751A16915400E104AC /* Debug */ = {
			isa = XCBuildConfiguration;
			buildSettings = {
				ALWAYS_SEARCH_USER_PATHS = NO;
				CLANG_CXX_LANGUAGE_STANDARD = "gnu++0x";
				CLANG_CXX_LIBRARY = "libc++";
				CLANG_ENABLE_MODULES = YES;
				CLANG_ENABLE_OBJC_ARC = YES;
				CLANG_WARN_BOOL_CONVERSION = YES;
				CLANG_WARN_CONSTANT_CONVERSION = YES;
				CLANG_WARN_DIRECT_OBJC_ISA_USAGE = YES_ERROR;
				CLANG_WARN_EMPTY_BODY = YES;
				CLANG_WARN_ENUM_CONVERSION = YES;
				CLANG_WARN_INT_CONVERSION = YES;
				CLANG_WARN_OBJC_ROOT_CLASS = YES_ERROR;
				CLANG_WARN_UNREACHABLE_CODE = YES;
				CLANG_WARN__DUPLICATE_METHOD_MATCH = YES;
				"CODE_SIGN_IDENTITY[sdk=iphoneos*]" = "iPhone Developer";
				COPY_PHASE_STRIP = NO;
				ENABLE_STRICT_OBJC_MSGSEND = YES;
				GCC_C_LANGUAGE_STANDARD = gnu99;
				GCC_DYNAMIC_NO_PIC = NO;
				GCC_OPTIMIZATION_LEVEL = 0;
				GCC_PREPROCESSOR_DEFINITIONS = (
					"DEBUG=1",
					"$(inherited)",
				);
				GCC_SYMBOLS_PRIVATE_EXTERN = NO;
				GCC_WARN_64_TO_32_BIT_CONVERSION = YES;
				GCC_WARN_ABOUT_RETURN_TYPE = YES_ERROR;
				GCC_WARN_UNDECLARED_SELECTOR = YES;
				GCC_WARN_UNINITIALIZED_AUTOS = YES_AGGRESSIVE;
				GCC_WARN_UNUSED_FUNCTION = YES;
				GCC_WARN_UNUSED_VARIABLE = YES;
				IPHONEOS_DEPLOYMENT_TARGET = 8.1;
				MTL_ENABLE_DEBUG_INFO = YES;
				ONLY_ACTIVE_ARCH = YES;
				SDKROOT = iphoneos;
				SWIFT_OPTIMIZATION_LEVEL = "-Onone";
			};
			name = Debug;
		};
		1D6E51761A16915400E104AC /* Release */ = {
			isa = XCBuildConfiguration;
			buildSettings = {
				ALWAYS_SEARCH_USER_PATHS = NO;
				CLANG_CXX_LANGUAGE_STANDARD = "gnu++0x";
				CLANG_CXX_LIBRARY = "libc++";
				CLANG_ENABLE_MODULES = YES;
				CLANG_ENABLE_OBJC_ARC = YES;
				CLANG_WARN_BOOL_CONVERSION = YES;
				CLANG_WARN_CONSTANT_CONVERSION = YES;
				CLANG_WARN_DIRECT_OBJC_ISA_USAGE = YES_ERROR;
				CLANG_WARN_EMPTY_BODY = YES;
				CLANG_WARN_ENUM_CONVERSION = YES;
				CLANG_WARN_INT_CONVERSION = YES;
				CLANG_WARN_OBJC_ROOT_CLASS = YES_ERROR;
				CLANG_WARN_UNREACHABLE_CODE = YES;
				CLANG_WARN__DUPLICATE_METHOD_MATCH = YES;
				"CODE_SIGN_IDENTITY[sdk=iphoneos*]" = "iPhone Developer";
				COPY_PHASE_STRIP = YES;
				ENABLE_NS_ASSERTIONS = NO;
				ENABLE_STRICT_OBJC_MSGSEND = YES;
				GCC_C_LANGUAGE_STANDARD = gnu99;
				GCC_WARN_64_TO_32_BIT_CONVERSION = YES;
				GCC_WARN_ABOUT_RETURN_TYPE = YES_ERROR;
				GCC_WARN_UNDECLARED_SELECTOR = YES;
				GCC_WARN_UNINITIALIZED_AUTOS = YES_AGGRESSIVE;
				GCC_WARN_UNUSED_FUNCTION = YES;
				GCC_WARN_UNUSED_VARIABLE = YES;
				IPHONEOS_DEPLOYMENT_TARGET = 8.1;
				MTL_ENABLE_DEBUG_INFO = NO;
				SDKROOT = iphoneos;
				VALIDATE_PRODUCT = YES;
			};
			name = Release;
		};
		1D6E51781A16915400E104AC /* Debug */ = {
			isa = XCBuildConfiguration;
			buildSettings = {
				ASSETCATALOG_COMPILER_APPICON_NAME = AppIcon;
				INFOPLIST_FILE = DrawsCameraAsBackgoundWithSceneKit/Info.plist;
				LD_RUNPATH_SEARCH_PATHS = "$(inherited) @executable_path/Frameworks";
				PRODUCT_NAME = "$(TARGET_NAME)";
			};
			name = Debug;
		};
		1D6E51791A16915400E104AC /* Release */ = {
			isa = XCBuildConfiguration;
			buildSettings = {
				ASSETCATALOG_COMPILER_APPICON_NAME = AppIcon;
				INFOPLIST_FILE = DrawsCameraAsBackgoundWithSceneKit/Info.plist;
				LD_RUNPATH_SEARCH_PATHS = "$(inherited) @executable_path/Frameworks";
				PRODUCT_NAME = "$(TARGET_NAME)";
			};
			name = Release;
		};
		1D6E517B1A16915400E104AC /* Debug */ = {
			isa = XCBuildConfiguration;
			buildSettings = {
				BUNDLE_LOADER = "$(TEST_HOST)";
				FRAMEWORK_SEARCH_PATHS = (
					"$(SDKROOT)/Developer/Library/Frameworks",
					"$(inherited)",
				);
				GCC_PREPROCESSOR_DEFINITIONS = (
					"DEBUG=1",
					"$(inherited)",
				);
				INFOPLIST_FILE = DrawsCameraAsBackgoundWithSceneKitTests/Info.plist;
				LD_RUNPATH_SEARCH_PATHS = "$(inherited) @executable_path/Frameworks @loader_path/Frameworks";
				PRODUCT_NAME = "$(TARGET_NAME)";
				TEST_HOST = "$(BUILT_PRODUCTS_DIR)/DrawsCameraAsBackgoundWithSceneKit.app/DrawsCameraAsBackgoundWithSceneKit";
			};
			name = Debug;
		};
		1D6E517C1A16915400E104AC /* Release */ = {
			isa = XCBuildConfiguration;
			buildSettings = {
				BUNDLE_LOADER = "$(TEST_HOST)";
				FRAMEWORK_SEARCH_PATHS = (
					"$(SDKROOT)/Developer/Library/Frameworks",
					"$(inherited)",
				);
				INFOPLIST_FILE = DrawsCameraAsBackgoundWithSceneKitTests/Info.plist;
				LD_RUNPATH_SEARCH_PATHS = "$(inherited) @executable_path/Frameworks @loader_path/Frameworks";
				PRODUCT_NAME = "$(TARGET_NAME)";
				TEST_HOST = "$(BUILT_PRODUCTS_DIR)/DrawsCameraAsBackgoundWithSceneKit.app/DrawsCameraAsBackgoundWithSceneKit";
			};
			name = Release;
		};
/* End XCBuildConfiguration section */

/* Begin XCConfigurationList section */
		1D6E51531A16915300E104AC /* Build configuration list for PBXProject "DrawsCameraAsBackgoundWithSceneKit" */ = {
			isa = XCConfigurationList;
			buildConfigurations = (
				1D6E51751A16915400E104AC /* Debug */,
				1D6E51761A16915400E104AC /* Release */,
			);
			defaultConfigurationIsVisible = 0;
			defaultConfigurationName = Release;
		};
		1D6E51771A16915400E104AC /* Build configuration list for PBXNativeTarget "DrawsCameraAsBackgoundWithSceneKit" */ = {
			isa = XCConfigurationList;
			buildConfigurations = (
				1D6E51781A16915400E104AC /* Debug */,
				1D6E51791A16915400E104AC /* Release */,
			);
			defaultConfigurationIsVisible = 0;
		};
		1D6E517A1A16915400E104AC /* Build configuration list for PBXNativeTarget "DrawsCameraAsBackgoundWithSceneKitTests" */ = {
			isa = XCConfigurationList;
			buildConfigurations = (
				1D6E517B1A16915400E104AC /* Debug */,
				1D6E517C1A16915400E104AC /* Release */,
			);
			defaultConfigurationIsVisible = 0;
		};
/* End XCConfigurationList section */
	};
	rootObject = 1D6E51501A16915300E104AC /* Project object */;
}
